{
  "lockfile_version": "1",
  "packages": {
    "deno@2.0.6": {
      "last_modified": "2024-11-16T04:25:12Z",
      "resolved": "github:NixOS/nixpkgs/34a626458d686f1b58139620a8b2793e9e123bba#deno",
      "source": "devbox-search",
      "version": "2.0.6",
      "systems": {
        "aarch64-darwin": {
          "outputs": [
            {
              "name": "out",
              "path": "/nix/store/6n6y9z422k9a0hzq18j1lzr3nm5qq42k-deno-2.0.6",
              "default": true
            }
          ],
          "store_path": "/nix/store/6n6y9z422k9a0hzq18j1lzr3nm5qq42k-deno-2.0.6"
        },
        "aarch64-linux": {
          "outputs": [
            {
              "name": "out",
              "path": "/nix/store/8j2r58igcynz38grfyp6q6if3r4bh6p5-deno-2.0.6",
              "default": true
            }
          ],
          "store_path": "/nix/store/8j2r58igcynz38grfyp6q6if3r4bh6p5-deno-2.0.6"
        },
        "x86_64-darwin": {
          "outputs": [
            {
              "name": "out",
              "path": "/nix/store/gavar9qq7yn6yl77b53ci6zj54al4wan-deno-2.0.6",
              "default": true
            }
          ],
          "store_path": "/nix/store/gavar9qq7yn6yl77b53ci6zj54al4wan-deno-2.0.6"
        },
        "x86_64-linux": {
          "outputs": [
            {
              "name": "out",
              "path": "/nix/store/96j40h3bygf3633yvqn6pl163lfv1064-deno-2.0.6",
              "default": true
            }
          ],
          "store_path": "/nix/store/96j40h3bygf3633yvqn6pl163lfv1064-deno-2.0.6"
        }
      }
    }
  }
}
